
Microsoft Visual Studio Solution File, Format Version 12.00
# Visual Studio Version 16
VisualStudioVersion = 16.0.31410.357
MinimumVisualStudioVersion = 10.0.40219.1
Project("{FAE04EC0-301F-11D3-BF4B-00C04F79EFBC}") = "ArkProjects.Logging.Serilog", "ArkProjects.Logging.Serilog\ArkProjects.Logging.Serilog.csproj", "{72758205-EE1B-41B0-9D30-3122883A4258}"
EndProject
Project("{FAE04EC0-301F-11D3-BF4B-00C04F79EFBC}") = "ArkProjects.Logging.Serilog.Sample", "ArkProjects.Logging.Serilog.Sample\ArkProjects.Logging.Serilog.Sample.csproj", "{DD38DAF0-B394-426D-AC94-4D7A2D150190}"
EndProject
Global
	GlobalSection(SolutionConfigurationPlatforms) = preSolution
		Debug|Any CPU = Debug|Any CPU
		Release|Any CPU = Release|Any CPU
	EndGlobalSection
	GlobalSection(ProjectConfigurationPlatforms) = postSolution
		{72758205-EE1B-41B0-9D30-3122883A4258}.Debug|Any CPU.ActiveCfg = Debug|Any CPU
		{72758205-EE1B-41B0-9D30-3122883A4258}.Debug|Any CPU.Build.0 = Debug|Any CPU
		{72758205-EE1B-41B0-9D30-3122883A4258}.Release|Any CPU.ActiveCfg = Release|Any CPU
		{72758205-EE1B-41B0-9D30-3122883A4258}.Release|Any CPU.Build.0 = Release|Any CPU
		{DD38DAF0-B394-426D-AC94-4D7A2D150190}.Debug|Any CPU.ActiveCfg = Debug|Any CPU
		{DD38DAF0-B394-426D-AC94-4D7A2D150190}.Debug|Any CPU.Build.0 = Debug|Any CPU
		{DD38DAF0-B394-426D-AC94-4D7A2D150190}.Release|Any CPU.ActiveCfg = Release|Any CPU
		{DD38DAF0-B394-426D-AC94-4D7A2D150190}.Release|Any CPU.Build.0 = Release|Any CPU
	EndGlobalSection
	GlobalSection(SolutionProperties) = preSolution
		HideSolutionNode = FALSE
	EndGlobalSection
	GlobalSection(ExtensibilityGlobals) = postSolution
		SolutionGuid = {F3760C8A-97A8-42BE-B3AD-13B3C02018C9}
	EndGlobalSection
EndGlobal
